// !$*UTF8*$!
{
	archiveVersion = 1;
	classes = {
	};
	objectVersion = 55;
	objects = {

/* Begin PBXBuildFile section */
		4D4911AF284935FF007D7914 /* RestaurantDetailView.swift in Sources */ = {isa = PBXBuildFile; fileRef = 4D4911AE284935FF007D7914 /* RestaurantDetailView.swift */; };
		4D56DF562852408800DAEB1A /* UIColor+Ext.swift in Sources */ = {isa = PBXBuildFile; fileRef = 4D56DF552852408800DAEB1A /* UIColor+Ext.swift */; };
		4D605F5D284A5E6C00A718EC /* Nunito-Regular.ttf in Resources */ = {isa = PBXBuildFile; fileRef = 4D605F5B284A5E6C00A718EC /* Nunito-Regular.ttf */; };
		4D605F5E284A5E6C00A718EC /* Nunito-Bold.ttf in Resources */ = {isa = PBXBuildFile; fileRef = 4D605F5C284A5E6C00A718EC /* Nunito-Bold.ttf */; };
		4DFCF5F927F2487E00108CFA /* FoodPinApp.swift in Sources */ = {isa = PBXBuildFile; fileRef = 4DFCF5F827F2487E00108CFA /* FoodPinApp.swift */; };
		4DFCF5FB27F2487E00108CFA /* RestaurantListView.swift in Sources */ = {isa = PBXBuildFile; fileRef = 4DFCF5FA27F2487E00108CFA /* RestaurantListView.swift */; };
		4DFCF5FD27F2487F00108CFA /* Assets.xcassets in Resources */ = {isa = PBXBuildFile; fileRef = 4DFCF5FC27F2487F00108CFA /* Assets.xcassets */; };
		4DFCF60027F2487F00108CFA /* Preview Assets.xcassets in Resources */ = {isa = PBXBuildFile; fileRef = 4DFCF5FF27F2487F00108CFA /* Preview Assets.xcassets */; };
		4DFCF60727F2D06900108CFA /* Restaurant.swift in Sources */ = {isa = PBXBuildFile; fileRef = 4DFCF60627F2D06900108CFA /* Restaurant.swift */; };
		4DFCF60B27F35FC500108CFA /* FullImageRow.swift in Sources */ = {isa = PBXBuildFile; fileRef = 4DFCF60A27F35FC500108CFA /* FullImageRow.swift */; };
		4DFCF60D27F3605F00108CFA /* BasicTextImageRow.swift in Sources */ = {isa = PBXBuildFile; fileRef = 4DFCF60C27F3605F00108CFA /* BasicTextImageRow.swift */; };
		4DFCF60F27F6464300108CFA /* ActivityView.swift in Sources */ = {isa = PBXBuildFile; fileRef = 4DFCF60E27F6464300108CFA /* ActivityView.swift */; };
/* End PBXBuildFile section */

/* Begin PBXFileReference section */
		4D4911AE284935FF007D7914 /* RestaurantDetailView.swift */ = {isa = PBXFileReference; lastKnownFileType = sourcecode.swift; path = RestaurantDetailView.swift; sourceTree = "<group>"; };
		4D56DF552852408800DAEB1A /* UIColor+Ext.swift */ = {isa = PBXFileReference; lastKnownFileType = sourcecode.swift; path = "UIColor+Ext.swift"; sourceTree = "<group>"; };
		4D605F5B284A5E6C00A718EC /* Nunito-Regular.ttf */ = {isa = PBXFileReference; lastKnownFileType = file; path = "Nunito-Regular.ttf"; sourceTree = "<group>"; };
		4D605F5C284A5E6C00A718EC /* Nunito-Bold.ttf */ = {isa = PBXFileReference; lastKnownFileType = file; path = "Nunito-Bold.ttf"; sourceTree = "<group>"; };
		4D605F5F284A679800A718EC /* Info.plist */ = {isa = PBXFileReference; lastKnownFileType = text.plist; path = Info.plist; sourceTree = "<group>"; };
		4DFCF5F527F2487E00108CFA /* FoodPin.app */ = {isa = PBXFileReference; explicitFileType = wrapper.application; includeInIndex = 0; path = FoodPin.app; sourceTree = BUILT_PRODUCTS_DIR; };
		4DFCF5F827F2487E00108CFA /* FoodPinApp.swift */ = {isa = PBXFileReference; lastKnownFileType = sourcecode.swift; path = FoodPinApp.swift; sourceTree = "<group>"; };
		4DFCF5FA27F2487E00108CFA /* RestaurantListView.swift */ = {isa = PBXFileReference; lastKnownFileType = sourcecode.swift; path = RestaurantListView.swift; sourceTree = "<group>"; };
		4DFCF5FC27F2487F00108CFA /* Assets.xcassets */ = {isa = PBXFileReference; lastKnownFileType = folder.assetcatalog; path = Assets.xcassets; sourceTree = "<group>"; };
		4DFCF5FF27F2487F00108CFA /* Preview Assets.xcassets */ = {isa = PBXFileReference; lastKnownFileType = folder.assetcatalog; path = "Preview Assets.xcassets"; sourceTree = "<group>"; };
		4DFCF60627F2D06900108CFA /* Restaurant.swift */ = {isa = PBXFileReference; lastKnownFileType = sourcecode.swift; path = Restaurant.swift; sourceTree = "<group>"; };
		4DFCF60A27F35FC500108CFA /* FullImageRow.swift */ = {isa = PBXFileReference; lastKnownFileType = sourcecode.swift; path = FullImageRow.swift; sourceTree = "<group>"; };
		4DFCF60C27F3605F00108CFA /* BasicTextImageRow.swift */ = {isa = PBXFileReference; lastKnownFileType = sourcecode.swift; path = BasicTextImageRow.swift; sourceTree = "<group>"; };
		4DFCF60E27F6464300108CFA /* ActivityView.swift */ = {isa = PBXFileReference; lastKnownFileType = sourcecode.swift; path = ActivityView.swift; sourceTree = "<group>"; };
/* End PBXFileReference section */

/* Begin PBXFrameworksBuildPhase section */
		4DFCF5F227F2487E00108CFA /* Frameworks */ = {
			isa = PBXFrameworksBuildPhase;
			buildActionMask = 2147483647;
			files = (
			);
			runOnlyForDeploymentPostprocessing = 0;
		};
/* End PBXFrameworksBuildPhase section */

/* Begin PBXGroup section */
		4D56DF542852406B00DAEB1A /* Extensions */ = {
			isa = PBXGroup;
			children = (
				4D56DF552852408800DAEB1A /* UIColor+Ext.swift */,
			);
			path = Extensions;
			sourceTree = "<group>";
		};
		4D605F59284A5E1200A718EC /* Resources */ = {
			isa = PBXGroup;
			children = (
				4D605F5A284A5E2000A718EC /* Fonts */,
			);
			path = Resources;
			sourceTree = "<group>";
		};
		4D605F5A284A5E2000A718EC /* Fonts */ = {
			isa = PBXGroup;
			children = (
				4D605F5C284A5E6C00A718EC /* Nunito-Bold.ttf */,
				4D605F5B284A5E6C00A718EC /* Nunito-Regular.ttf */,
			);
			path = Fonts;
			sourceTree = "<group>";
		};
		4DFCF5EC27F2487E00108CFA = {
			isa = PBXGroup;
			children = (
				4DFCF5F727F2487E00108CFA /* FoodPin */,
				4DFCF5F627F2487E00108CFA /* Products */,
			);
			sourceTree = "<group>";
		};
		4DFCF5F627F2487E00108CFA /* Products */ = {
			isa = PBXGroup;
			children = (
				4DFCF5F527F2487E00108CFA /* FoodPin.app */,
			);
			name = Products;
			sourceTree = "<group>";
		};
		4DFCF5F727F2487E00108CFA /* FoodPin */ = {
			isa = PBXGroup;
			children = (
				4D56DF542852406B00DAEB1A /* Extensions */,
				4D605F5F284A679800A718EC /* Info.plist */,
				4D605F59284A5E1200A718EC /* Resources */,
				4DFCF60827F2D35500108CFA /* Model */,
				4DFCF60927F2D37700108CFA /* View */,
				4DFCF5F827F2487E00108CFA /* FoodPinApp.swift */,
				4DFCF5FC27F2487F00108CFA /* Assets.xcassets */,
				4DFCF5FE27F2487F00108CFA /* Preview Content */,
			);
			path = FoodPin;
			sourceTree = "<group>";
		};
		4DFCF5FE27F2487F00108CFA /* Preview Content */ = {
			isa = PBXGroup;
			children = (
				4DFCF5FF27F2487F00108CFA /* Preview Assets.xcassets */,
			);
			path = "Preview Content";
			sourceTree = "<group>";
		};
		4DFCF60827F2D35500108CFA /* Model */ = {
			isa = PBXGroup;
			children = (
				4DFCF60627F2D06900108CFA /* Restaurant.swift */,
			);
			path = Model;
			sourceTree = "<group>";
		};
		4DFCF60927F2D37700108CFA /* View */ = {
			isa = PBXGroup;
			children = (
				4DFCF5FA27F2487E00108CFA /* RestaurantListView.swift */,
				4D4911AE284935FF007D7914 /* RestaurantDetailView.swift */,
				4DFCF60E27F6464300108CFA /* ActivityView.swift */,
				4DFCF60A27F35FC500108CFA /* FullImageRow.swift */,
				4DFCF60C27F3605F00108CFA /* BasicTextImageRow.swift */,
			);
			path = View;
			sourceTree = "<group>";
		};
/* End PBXGroup section */

/* Begin PBXNativeTarget section */
		4DFCF5F427F2487E00108CFA /* FoodPin */ = {
			isa = PBXNativeTarget;
			buildConfigurationList = 4DFCF60327F2487F00108CFA /* Build configuration list for PBXNativeTarget "FoodPin" */;
			buildPhases = (
				4DFCF5F127F2487E00108CFA /* Sources */,
				4DFCF5F227F2487E00108CFA /* Frameworks */,
				4DFCF5F327F2487E00108CFA /* Resources */,
			);
			buildRules = (
			);
			dependencies = (
			);
			name = FoodPin;
			productName = FoodPin;
			productReference = 4DFCF5F527F2487E00108CFA /* FoodPin.app */;
			productType = "com.apple.product-type.application";
		};
/* End PBXNativeTarget section */

/* Begin PBXProject section */
		4DFCF5ED27F2487E00108CFA /* Project object */ = {
			isa = PBXProject;
			attributes = {
				BuildIndependentTargetsInParallel = 1;
				LastSwiftUpdateCheck = 1330;
				LastUpgradeCheck = 1330;
				TargetAttributes = {
					4DFCF5F427F2487E00108CFA = {
						CreatedOnToolsVersion = 13.3;
					};
				};
			};
			buildConfigurationList = 4DFCF5F027F2487E00108CFA /* Build configuration list for PBXProject "FoodPin" */;
			compatibilityVersion = "Xcode 13.0";
			developmentRegion = en;
			hasScannedForEncodings = 0;
			knownRegions = (
				en,
				Base,
			);
			mainGroup = 4DFCF5EC27F2487E00108CFA;
			productRefGroup = 4DFCF5F627F2487E00108CFA /* Products */;
			projectDirPath = "";
			projectRoot = "";
			targets = (
				4DFCF5F427F2487E00108CFA /* FoodPin */,
			);
		};
/* End PBXProject section */

/* Begin PBXResourcesBuildPhase section */
		4DFCF5F327F2487E00108CFA /* Resources */ = {
			isa = PBXResourcesBuildPhase;
			buildActionMask = 2147483647;
			files = (
				4D605F5D284A5E6C00A718EC /* Nunito-Regular.ttf in Resources */,
				4DFCF60027F2487F00108CFA /* Preview Assets.xcassets in Resources */,
				4D605F5E284A5E6C00A718EC /* Nunito-Bold.ttf in Resources */,
				4DFCF5FD27F2487F00108CFA /* Assets.xcassets in Resources */,
			);
			runOnlyForDeploymentPostprocessing = 0;
		};
/* End PBXResourcesBuildPhase section */

/* Begin PBXSourcesBuildPhase section */
		4DFCF5F127F2487E00108CFA /* Sources */ = {
			isa = PBXSourcesBuildPhase;
			buildActionMask = 2147483647;
			files = (
				4DFCF5FB27F2487E00108CFA /* RestaurantListView.swift in Sources */,
				4D4911AF284935FF007D7914 /* RestaurantDetailView.swift in Sources */,
				4DFCF5F927F2487E00108CFA /* FoodPinApp.swift in Sources */,
				4DFCF60D27F3605F00108CFA /* BasicTextImageRow.swift in Sources */,
				4DFCF60727F2D06900108CFA /* Restaurant.swift in Sources */,
				4D56DF562852408800DAEB1A /* UIColor+Ext.swift in Sources */,
				4DFCF60B27F35FC500108CFA /* FullImageRow.swift in Sources */,
				4DFCF60F27F6464300108CFA /* ActivityView.swift in Sources */,
			);
			runOnlyForDeploymentPostprocessing = 0;
		};
/* End PBXSourcesBuildPhase section */

/* Begin XCBuildConfiguration section */
		4DFCF60127F2487F00108CFA /* Debug */ = {
			isa = XCBuildConfiguration;
			buildSettings = {
				ALWAYS_SEARCH_USER_PATHS = NO;
				CLANG_ANALYZER_NONNULL = YES;
				CLANG_ANALYZER_NUMBER_OBJECT_CONVERSION = YES_AGGRESSIVE;
				CLANG_CXX_LANGUAGE_STANDARD = "gnu++17";
				CLANG_ENABLE_MODULES = YES;
				CLANG_ENABLE_OBJC_ARC = YES;
				CLANG_ENABLE_OBJC_WEAK = YES;
				CLANG_WARN_BLOCK_CAPTURE_AUTORELEASING = YES;
				CLANG_WARN_BOOL_CONVERSION = YES;
				CLANG_WARN_COMMA = YES;
				CLANG_WARN_CONSTANT_CONVERSION = YES;
				CLANG_WARN_DEPRECATED_OBJC_IMPLEMENTATIONS = YES;
				CLANG_WARN_DIRECT_OBJC_ISA_USAGE = YES_ERROR;
				CLANG_WARN_DOCUMENTATION_COMMENTS = YES;
				CLANG_WARN_EMPTY_BODY = YES;
				CLANG_WARN_ENUM_CONVERSION = YES;
				CLANG_WARN_INFINITE_RECURSION = YES;
				CLANG_WARN_INT_CONVERSION = YES;
				CLANG_WARN_NON_LITERAL_NULL_CONVERSION = YES;
				CLANG_WARN_OBJC_IMPLICIT_RETAIN_SELF = YES;
				CLANG_WARN_OBJC_LITERAL_CONVERSION = YES;
				CLANG_WARN_OBJC_ROOT_CLASS = YES_ERROR;
				CLANG_WARN_QUOTED_INCLUDE_IN_FRAMEWORK_HEADER = YES;
				CLANG_WARN_RANGE_LOOP_ANALYSIS = YES;
				CLANG_WARN_STRICT_PROTOTYPES = YES;
				CLANG_WARN_SUSPICIOUS_MOVE = YES;
				CLANG_WARN_UNGUARDED_AVAILABILITY = YES_AGGRESSIVE;
				CLANG_WARN_UNREACHABLE_CODE = YES;
				CLANG_WARN__DUPLICATE_METHOD_MATCH = YES;
				COPY_PHASE_STRIP = NO;
				DEBUG_INFORMATION_FORMAT = dwarf;
				ENABLE_STRICT_OBJC_MSGSEND = YES;
				ENABLE_TESTABILITY = YES;
				GCC_C_LANGUAGE_STANDARD = gnu11;
				GCC_DYNAMIC_NO_PIC = NO;
				GCC_NO_COMMON_BLOCKS = YES;
				GCC_OPTIMIZATION_LEVEL = 0;
				GCC_PREPROCESSOR_DEFINITIONS = (
					"DEBUG=1",
					"$(inherited)",
				);
				GCC_WARN_64_TO_32_BIT_CONVERSION = YES;
				GCC_WARN_ABOUT_RETURN_TYPE = YES_ERROR;
				GCC_WARN_UNDECLARED_SELECTOR = YES;
				GCC_WARN_UNINITIALIZED_AUTOS = YES_AGGRESSIVE;
				GCC_WARN_UNUSED_FUNCTION = YES;
				GCC_WARN_UNUSED_VARIABLE = YES;
				IPHONEOS_DEPLOYMENT_TARGET = 15.4;
				MTL_ENABLE_DEBUG_INFO = INCLUDE_SOURCE;
				MTL_FAST_MATH = YES;
				ONLY_ACTIVE_ARCH = YES;
				SDKROOT = iphoneos;
				SWIFT_ACTIVE_COMPILATION_CONDITIONS = DEBUG;
				SWIFT_OPTIMIZATION_LEVEL = "-Onone";
			};
			name = Debug;
		};
		4DFCF60227F2487F00108CFA /* Release */ = {
			isa = XCBuildConfiguration;
			buildSettings = {
				ALWAYS_SEARCH_USER_PATHS = NO;
				CLANG_ANALYZER_NONNULL = YES;
				CLANG_ANALYZER_NUMBER_OBJECT_CONVERSION = YES_AGGRESSIVE;
				CLANG_CXX_LANGUAGE_STANDARD = "gnu++17";
				CLANG_ENABLE_MODULES = YES;
				CLANG_ENABLE_OBJC_ARC = YES;
				CLANG_ENABLE_OBJC_WEAK = YES;
				CLANG_WARN_BLOCK_CAPTURE_AUTORELEASING = YES;
				CLANG_WARN_BOOL_CONVERSION = YES;
				CLANG_WARN_COMMA = YES;
				CLANG_WARN_CONSTANT_CONVERSION = YES;
				CLANG_WARN_DEPRECATED_OBJC_IMPLEMENTATIONS = YES;
				CLANG_WARN_DIRECT_OBJC_ISA_USAGE = YES_ERROR;
				CLANG_WARN_DOCUMENTATION_COMMENTS = YES;
				CLANG_WARN_EMPTY_BODY = YES;
				CLANG_WARN_ENUM_CONVERSION = YES;
				CLANG_WARN_INFINITE_RECURSION = YES;
				CLANG_WARN_INT_CONVERSION = YES;
				CLANG_WARN_NON_LITERAL_NULL_CONVERSION = YES;
				CLANG_WARN_OBJC_IMPLICIT_RETAIN_SELF = YES;
				CLANG_WARN_OBJC_LITERAL_CONVERSION = YES;
				CLANG_WARN_OBJC_ROOT_CLASS = YES_ERROR;
				CLANG_WARN_QUOTED_INCLUDE_IN_FRAMEWORK_HEADER = YES;
				CLANG_WARN_RANGE_LOOP_ANALYSIS = YES;
				CLANG_WARN_STRICT_PROTOTYPES = YES;
				CLANG_WARN_SUSPICIOUS_MOVE = YES;
				CLANG_WARN_UNGUARDED_AVAILABILITY = YES_AGGRESSIVE;
				CLANG_WARN_UNREACHABLE_CODE = YES;
				CLANG_WARN__DUPLICATE_METHOD_MATCH = YES;
				COPY_PHASE_STRIP = NO;
				DEBUG_INFORMATION_FORMAT = "dwarf-with-dsym";
				ENABLE_NS_ASSERTIONS = NO;
				ENABLE_STRICT_OBJC_MSGSEND = YES;
				GCC_C_LANGUAGE_STANDARD = gnu11;
				GCC_NO_COMMON_BLOCKS = YES;
				GCC_WARN_64_TO_32_BIT_CONVERSION = YES;
				GCC_WARN_ABOUT_RETURN_TYPE = YES_ERROR;
				GCC_WARN_UNDECLARED_SELECTOR = YES;
				GCC_WARN_UNINITIALIZED_AUTOS = YES_AGGRESSIVE;
				GCC_WARN_UNUSED_FUNCTION = YES;
				GCC_WARN_UNUSED_VARIABLE = YES;
				IPHONEOS_DEPLOYMENT_TARGET = 15.4;
				MTL_ENABLE_DEBUG_INFO = NO;
				MTL_FAST_MATH = YES;
				SDKROOT = iphoneos;
				SWIFT_COMPILATION_MODE = wholemodule;
				SWIFT_OPTIMIZATION_LEVEL = "-O";
				VALIDATE_PRODUCT = YES;
			};
			name = Release;
		};
		4DFCF60427F2487F00108CFA /* Debug */ = {
			isa = XCBuildConfiguration;
			buildSettings = {
				ASSETCATALOG_COMPILER_APPICON_NAME = AppIcon;
				ASSETCATALOG_COMPILER_GLOBAL_ACCENT_COLOR_NAME = AccentColor;
				CODE_SIGN_STYLE = Automatic;
				CURRENT_PROJECT_VERSION = 1;
				DEVELOPMENT_ASSET_PATHS = "\"FoodPin/Preview Content\"";
				DEVELOPMENT_TEAM = ED97R6Y54H;
				ENABLE_PREVIEWS = YES;
				GENERATE_INFOPLIST_FILE = YES;
				INFOPLIST_FILE = FoodPin/Info.plist;
				INFOPLIST_KEY_UIApplicationSceneManifest_Generation = YES;
				INFOPLIST_KEY_UIApplicationSupportsIndirectInputEvents = YES;
				INFOPLIST_KEY_UILaunchScreen_Generation = YES;
				INFOPLIST_KEY_UISupportedInterfaceOrientations_iPad = "UIInterfaceOrientationPortrait UIInterfaceOrientationPortraitUpsideDown UIInterfaceOrientationLandscapeLeft UIInterfaceOrientationLandscapeRight";
				INFOPLIST_KEY_UISupportedInterfaceOrientations_iPhone = "UIInterfaceOrientationPortrait UIInterfaceOrientationLandscapeLeft UIInterfaceOrientationLandscapeRight";
				LD_RUNPATH_SEARCH_PATHS = (
					"$(inherited)",
					"@executable_path/Frameworks",
				);
				MARKETING_VERSION = 1.0;
				PRODUCT_BUNDLE_IDENTIFIER = io.deltacube.FoodPin;
				PRODUCT_NAME = "$(TARGET_NAME)";
				SWIFT_EMIT_LOC_STRINGS = YES;
				SWIFT_VERSION = 5.0;
				TARGETED_DEVICE_FAMILY = "1,2";
			};
			name = Debug;
		};
		4DFCF60527F2487F00108CFA /* Release */ = {
			isa = XCBuildConfiguration;
			buildSettings = {
				ASSETCATALOG_COMPILER_APPICON_NAME = AppIcon;
				ASSETCATALOG_COMPILER_GLOBAL_ACCENT_COLOR_NAME = AccentColor;
				CODE_SIGN_STYLE = Automatic;
				CURRENT_PROJECT_VERSION = 1;
				DEVELOPMENT_ASSET_PATHS = "\"FoodPin/Preview Content\"";
				DEVELOPMENT_TEAM = ED97R6Y54H;
				ENABLE_PREVIEWS = YES;
				GENERATE_INFOPLIST_FILE = YES;
				INFOPLIST_FILE = FoodPin/Info.plist;
				INFOPLIST_KEY_UIApplicationSceneManifest_Generation = YES;
				INFOPLIST_KEY_UIApplicationSupportsIndirectInputEvents = YES;
				INFOPLIST_KEY_UILaunchScreen_Generation = YES;
				INFOPLIST_KEY_UISupportedInterfaceOrientations_iPad = "UIInterfaceOrientationPortrait UIInterfaceOrientationPortraitUpsideDown UIInterfaceOrientationLandscapeLeft UIInterfaceOrientationLandscapeRight";
				INFOPLIST_KEY_UISupportedInterfaceOrientations_iPhone = "UIInterfaceOrientationPortrait UIInterfaceOrientationLandscapeLeft UIInterfaceOrientationLandscapeRight";
				LD_RUNPATH_SEARCH_PATHS = (
					"$(inherited)",
					"@executable_path/Frameworks",
				);
				MARKETING_VERSION = 1.0;
				PRODUCT_BUNDLE_IDENTIFIER = io.deltacube.FoodPin;
				PRODUCT_NAME = "$(TARGET_NAME)";
				SWIFT_EMIT_LOC_STRINGS = YES;
				SWIFT_VERSION = 5.0;
				TARGETED_DEVICE_FAMILY = "1,2";
			};
			name = Release;
		};
/* End XCBuildConfiguration section */

/* Begin XCConfigurationList section */
		4DFCF5F027F2487E00108CFA /* Build configuration list for PBXProject "FoodPin" */ = {
			isa = XCConfigurationList;
			buildConfigurations = (
				4DFCF60127F2487F00108CFA /* Debug */,
				4DFCF60227F2487F00108CFA /* Release */,
			);
			defaultConfigurationIsVisible = 0;
			defaultConfigurationName = Release;
		};
		4DFCF60327F2487F00108CFA /* Build configuration list for PBXNativeTarget "FoodPin" */ = {
			isa = XCConfigurationList;
			buildConfigurations = (
				4DFCF60427F2487F00108CFA /* Debug */,
				4DFCF60527F2487F00108CFA /* Release */,
			);
			defaultConfigurationIsVisible = 0;
			defaultConfigurationName = Release;
		};
/* End XCConfigurationList section */
	};
	rootObject = 4DFCF5ED27F2487E00108CFA /* Project object */;
}
